
Microsoft Visual Studio Solution File, Format Version 12.00
# Visual Studio 15
VisualStudioVersion = 15.0.28307.1259
MinimumVisualStudioVersion = 10.0.40219.1
Project("{888888A0-9F3D-457C-B088-3A5042F75D52}") = "DjangoWebProject3", "DjangoWebProject3\DjangoWebProject3.pyproj", "{C36FC26B-54A7-4B5C-88A4-EF9912F32B0A}"
EndProject
Global
	GlobalSection(SolutionConfigurationPlatforms) = preSolution
		Debug|Any CPU = Debug|Any CPU
		Release|Any CPU = Release|Any CPU
	EndGlobalSection
	GlobalSection(ProjectConfigurationPlatforms) = postSolution
		{C36FC26B-54A7-4B5C-88A4-EF9912F32B0A}.Debug|Any CPU.ActiveCfg = Debug|Any CPU
		{C36FC26B-54A7-4B5C-88A4-EF9912F32B0A}.Debug|Any CPU.Build.0 = Debug|Any CPU
		{C36FC26B-54A7-4B5C-88A4-EF9912F32B0A}.Release|Any CPU.ActiveCfg = Release|Any CPU
		{C36FC26B-54A7-4B5C-88A4-EF9912F32B0A}.Release|Any CPU.Build.0 = Release|Any CPU
	EndGlobalSection
	GlobalSection(SolutionProperties) = preSolution
		HideSolutionNode = FALSE
	EndGlobalSection
	GlobalSection(ExtensibilityGlobals) = postSolution
		SolutionGuid = {DF24E05F-7256-43E1-BC07-4748BD9685C3}
	EndGlobalSection
EndGlobal
